
Microsoft Visual Studio Solution File, Format Version 12.00
Project("{2150E333-8FDC-42A3-9474-1A3956D46DE8}") = "HospedagemHotel", "HospedagemHotel", "{8F448FB7-1337-4998-B484-92367320CD70}"
EndProject
Project("{FAE04EC0-301F-11D3-BF4B-00C04F79EFBC}") = "HospedagemHotel", "HospedagemHotel\HospedagemHotel\HospedagemHotel.csproj", "{B013D6F2-35CB-4DDB-A7A8-684F69178B57}"
EndProject
Project("{2150E333-8FDC-42A3-9474-1A3956D46DE8}") = "CelularPOO", "CelularPOO", "{2F66249B-7E12-4665-BEFB-E77F5D2849C6}"
EndProject
Project("{FAE04EC0-301F-11D3-BF4B-00C04F79EFBC}") = "CelularPOO", "CelularPOO\CelularPOO.csproj", "{8F831CB2-ABD6-4789-9202-6DF27424E353}"
EndProject
Global
	GlobalSection(SolutionConfigurationPlatforms) = preSolution
		Debug|Any CPU = Debug|Any CPU
		Release|Any CPU = Release|Any CPU
	EndGlobalSection
	GlobalSection(NestedProjects) = preSolution
		{B013D6F2-35CB-4DDB-A7A8-684F69178B57} = {8F448FB7-1337-4998-B484-92367320CD70}
		{8F831CB2-ABD6-4789-9202-6DF27424E353} = {2F66249B-7E12-4665-BEFB-E77F5D2849C6}
	EndGlobalSection
	GlobalSection(ProjectConfigurationPlatforms) = postSolution
		{B013D6F2-35CB-4DDB-A7A8-684F69178B57}.Debug|Any CPU.ActiveCfg = Debug|Any CPU
		{B013D6F2-35CB-4DDB-A7A8-684F69178B57}.Debug|Any CPU.Build.0 = Debug|Any CPU
		{B013D6F2-35CB-4DDB-A7A8-684F69178B57}.Release|Any CPU.ActiveCfg = Release|Any CPU
		{B013D6F2-35CB-4DDB-A7A8-684F69178B57}.Release|Any CPU.Build.0 = Release|Any CPU
		{8F831CB2-ABD6-4789-9202-6DF27424E353}.Debug|Any CPU.ActiveCfg = Debug|Any CPU
		{8F831CB2-ABD6-4789-9202-6DF27424E353}.Debug|Any CPU.Build.0 = Debug|Any CPU
		{8F831CB2-ABD6-4789-9202-6DF27424E353}.Release|Any CPU.ActiveCfg = Release|Any CPU
		{8F831CB2-ABD6-4789-9202-6DF27424E353}.Release|Any CPU.Build.0 = Release|Any CPU
	EndGlobalSection
EndGlobal
